{
  "name": "dynamic_grid",
  "version": "1.0.0",
  "lockfileVersion": 2,
  "requires": true,
  "packages": {
    "": {
      "name": "dynamic_grid",
      "version": "1.0.0",
      "license": "ISC",
      "dependencies": {
        "gridstack": "^4.2.7"
      }
    },
    "node_modules/gridstack": {
      "version": "4.2.7",
      "resolved": "https://registry.npmjs.org/gridstack/-/gridstack-4.2.7.tgz",
      "integrity": "sha512-yUbRaq+H9hLIrEKiyoT5lP+xyNUS+hrqxCUklLt9ZrJTyZE4n1d2xfWRupPtxmTxuuhjjnUcChFsQRyeQofiLg==",
      "funding": [
        {
          "type": "paypal",
          "url": "https://www.paypal.me/alaind831"
        },
        {
          "type": "venmo",
          "url": "https://www.venmo.com/adumesny"
        }
      ]
    }
  },
  "dependencies": {
    "gridstack": {
      "version": "4.2.7",
      "resolved": "https://registry.npmjs.org/gridstack/-/gridstack-4.2.7.tgz",
      "integrity": "sha512-yUbRaq+H9hLIrEKiyoT5lP+xyNUS+hrqxCUklLt9ZrJTyZE4n1d2xfWRupPtxmTxuuhjjnUcChFsQRyeQofiLg=="
    }
  }
}
